<?xml version="1.0" encoding="utf-8"?>
<Project ToolsVersion="4.0" xmlns="http://schemas.microsoft.com/developer/msbuild/2003">
  <ItemGroup>
    <Filter Include="Source Files">
      <UniqueIdentifier>{E9C7FDCE-D52A-8D73-7EB0-C5296AF258F6}</UniqueIdentifier>
    </Filter>
    <Filter Include="Source Files\private">
      <UniqueIdentifier>{a5c11ca3-3bcb-4d14-8a17-a455214119a4}</UniqueIdentifier>
    </Filter>
    <Filter Include="Source Files\public">
      <UniqueIdentifier>{ede7e4fe-bd27-4bf3-85b0-8021e169afdc}</UniqueIdentifier>
    </Filter>
    <Filter Include="Source Files\private\Events">
      <UniqueIdentifier>{2cc22887-a680-45c7-83a4-a2754ac6292e}</UniqueIdentifier>
    </Filter>
    <Filter Include="Source Files\public\Events">
      <UniqueIdentifier>{38a470f5-64ea-4a7b-8faa-3dea855e56f9}</UniqueIdentifier>
    </Filter>
    <Filter Include="Source Files\private\Basics">
      <UniqueIdentifier>{0748abbf-2c15-4cba-9db9-59b66bcf7a68}</UniqueIdentifier>
    </Filter>
    <Filter Include="Source Files\public\Basics">
      <UniqueIdentifier>{fd9f98d3-a377-4ba9-9f72-f29274420f28}</UniqueIdentifier>
    </Filter>
  </ItemGroup>
  <ItemGroup>
    <ClCompile Include="src\src\BaseCircle.cpp" />
    <ClCompile Include="src\src\CollisionEvent.cpp" />
    <ClCompile Include="src\src\DispatcherEvent.cpp" />
    <ClCompile Include="src\Base\src\EventDispatcher.cpp" />
    <ClCompile Include="src\Base\src\GameInstance.cpp" />
    <ClCompile Include="src\Base\src\GameMode.cpp" />
    <ClCompile Include="src\src\GravityEvent.cpp" />
    <ClCompile Include="src\Base\src\Helper.cpp" />
    <ClCompile Include="src\src\BaseRectangle.cpp" />
    <ClCompile Include="src\Base\src\Physic.cpp" />
    <ClCompile Include="src\src\main.cpp" />
    <ClCompile Include="src\Base\src\StateMachine.cpp" />
    <ClCompile Include="src\Base\src\Tickable.cpp" />
    <ClCompile Include="src\Base\src\TickableFactory.cpp" />
  </ItemGroup>
  <ItemGroup>
    <ClInclude Include="src\Header\BaseCircle.h" />
    <ClInclude Include="src\Header\CollisionEvent.hpp" />
    <ClInclude Include="core\Core.h" />
    <ClInclude Include="src\Header\DispatcherEvent.hpp" />
    <ClInclude Include="src\Base\Header\Event.hpp" />
    <ClInclude Include="src\Base\Header\EventDispatcher.hpp" />
    <ClInclude Include="src\Base\Header\GameInstance.h" />
    <ClInclude Include="src\Base\Header\GameMode.h" />
    <ClInclude Include="src\Header\GravityEvent.hpp" />
    <ClInclude Include="src\Base\Header\Helper.hpp" />
    <ClInclude Include="src\Header\BaseRectangle.h" />
    <ClInclude Include="src\Base\Header\Physic.hpp" />
    <ClInclude Include="src\Base\Header\StateMachine.h" />
    <ClInclude Include="src\Base\Header\Tickable.h" />
    <ClInclude Include="src\Base\Header\TickableFactory.h" />
    <ClInclude Include="src\Base\Header\TickAll.h" />
  </ItemGroup>
</Project>