<?xml version="1.0" encoding="utf-8"?>
<Project ToolsVersion="4.0" xmlns="http://schemas.microsoft.com/developer/msbuild/2003">
  <ItemGroup>
    <Filter Include="Source Files">
      <UniqueIdentifier>{E9C7FDCE-D52A-8D73-7EB0-C5296AF258F6}</UniqueIdentifier>
    </Filter>
    <Filter Include="Source Files\private">
      <UniqueIdentifier>{a5c11ca3-3bcb-4d14-8a17-a455214119a4}</UniqueIdentifier>
    </Filter>
    <Filter Include="Source Files\public">
      <UniqueIdentifier>{ede7e4fe-bd27-4bf3-85b0-8021e169afdc}</UniqueIdentifier>
    </Filter>
    <Filter Include="Source Files\private\Events">
      <UniqueIdentifier>{2cc22887-a680-45c7-83a4-a2754ac6292e}</UniqueIdentifier>
    </Filter>
    <Filter Include="Source Files\public\Events">
      <UniqueIdentifier>{38a470f5-64ea-4a7b-8faa-3dea855e56f9}</UniqueIdentifier>
    </Filter>
    <Filter Include="Source Files\private\Basics">
      <UniqueIdentifier>{0748abbf-2c15-4cba-9db9-59b66bcf7a68}</UniqueIdentifier>
    </Filter>
    <Filter Include="Source Files\public\Basics">
      <UniqueIdentifier>{fd9f98d3-a377-4ba9-9f72-f29274420f28}</UniqueIdentifier>
    </Filter>
    <Filter Include="Source Files\private\GameModes">
      <UniqueIdentifier>{629e2f51-74ae-443c-a25b-46dac1ed6fb4}</UniqueIdentifier>
    </Filter>
    <Filter Include="Source Files\public\GameModes">
      <UniqueIdentifier>{f104d098-3acc-4234-8fdc-d862dfc544bf}</UniqueIdentifier>
    </Filter>
  </ItemGroup>
  <ItemGroup>
    <ClCompile Include="src\private\BaseCircle.cpp">
      <Filter>Source Files\private</Filter>
    </ClCompile>
    <ClCompile Include="src\private\BaseRectangle.cpp">
      <Filter>Source Files\private</Filter>
    </ClCompile>
    <ClCompile Include="src\private\Helper.cpp">
      <Filter>Source Files\private</Filter>
    </ClCompile>
    <ClCompile Include="src\private\main.cpp">
      <Filter>Source Files\private</Filter>
    </ClCompile>
    <ClCompile Include="src\private\EventDispatcher.cpp">
      <Filter>Source Files\private\Basics</Filter>
    </ClCompile>
    <ClCompile Include="src\private\DispatcherEvent.cpp">
      <Filter>Source Files\private\Events</Filter>
    </ClCompile>
    <ClCompile Include="src\private\CollisionEvent.cpp">
      <Filter>Source Files\private\Events</Filter>
    </ClCompile>
    <ClCompile Include="src\private\GravityEvent.cpp">
      <Filter>Source Files\private\Events</Filter>
    </ClCompile>
    <ClCompile Include="src\private\TickableFactory.cpp">
      <Filter>Source Files\private\Basics</Filter>
    </ClCompile>
    <ClCompile Include="src\private\Tickable.cpp">
      <Filter>Source Files\private\Basics</Filter>
    </ClCompile>
    <ClCompile Include="src\private\Physic.cpp">
      <Filter>Source Files\private\Basics</Filter>
    </ClCompile>
    <ClCompile Include="src\private\GameMode.cpp">
      <Filter>Source Files\private\Basics</Filter>
    </ClCompile>
    <ClCompile Include="src\private\GameInstance.cpp">
      <Filter>Source Files\private\Basics</Filter>
    </ClCompile>
    <ClCompile Include="StartingMenu.cpp">
      <Filter>Source Files\private\GameModes</Filter>
    </ClCompile>
    <ClCompile Include="src\private\StateMachine.cpp">
      <Filter>Source Files\private\Basics</Filter>
    </ClCompile>
    <ClCompile Include="SandboxMode.cpp">
      <Filter>Source Files\private\GameModes</Filter>
    </ClCompile>
  </ItemGroup>
  <ItemGroup>
    <ClInclude Include="src\public\BaseCircle.h">
      <Filter>Source Files\public</Filter>
    </ClInclude>
    <ClInclude Include="src\public\BaseRectangle.h">
      <Filter>Source Files\public</Filter>
    </ClInclude>
    <ClInclude Include="src\public\DispatcherEvent.hpp">
      <Filter>Source Files\public\Events</Filter>
    </ClInclude>
    <ClInclude Include="src\public\GravityEvent.hpp">
      <Filter>Source Files\public\Events</Filter>
    </ClInclude>
    <ClInclude Include="src\public\CollisionEvent.hpp">
      <Filter>Source Files\public\Events</Filter>
    </ClInclude>
    <ClInclude Include="src\public\EventDispatcher.hpp">
      <Filter>Source Files\public\Basics</Filter>
    </ClInclude>
    <ClInclude Include="src\public\Event.hpp">
      <Filter>Source Files\public\Basics</Filter>
    </ClInclude>
    <ClInclude Include="core\Core.h">
      <Filter>Source Files\public\Basics</Filter>
    </ClInclude>
    <ClInclude Include="src\public\TickableFactory.h">
      <Filter>Source Files\public\Basics</Filter>
    </ClInclude>
    <ClInclude Include="src\public\TickAll.h">
      <Filter>Source Files\public\Basics</Filter>
    </ClInclude>
    <ClInclude Include="src\public\Tickable.h">
      <Filter>Source Files\public\Basics</Filter>
    </ClInclude>
    <ClInclude Include="src\public\StateMachine.h">
      <Filter>Source Files\public\Basics</Filter>
    </ClInclude>
    <ClInclude Include="src\public\Physic.hpp">
      <Filter>Source Files\public\Basics</Filter>
    </ClInclude>
    <ClInclude Include="src\public\GameMode.h">
      <Filter>Source Files\public\Basics</Filter>
    </ClInclude>
    <ClInclude Include="src\public\GameInstance.h">
      <Filter>Source Files\public\Basics</Filter>
    </ClInclude>
    <ClInclude Include="src\public\Helper.hpp">
      <Filter>Source Files\public\Basics</Filter>
    </ClInclude>
    <ClInclude Include="StartingMenu.h">
      <Filter>Source Files\public\GameModes</Filter>
    </ClInclude>
    <ClInclude Include="SandboxMode.h">
      <Filter>Source Files\public\GameModes</Filter>
    </ClInclude>
  </ItemGroup>
</Project>