<?xml version="1.0" encoding="utf-8"?>
<Project ToolsVersion="4.0" xmlns="http://schemas.microsoft.com/developer/msbuild/2003">
  <ItemGroup>
    <Filter Include="Source Files">
      <UniqueIdentifier>{E9C7FDCE-D52A-8D73-7EB0-C5296AF258F6}</UniqueIdentifier>
    </Filter>
    <Filter Include="Source Files\private">
      <UniqueIdentifier>{a5c11ca3-3bcb-4d14-8a17-a455214119a4}</UniqueIdentifier>
    </Filter>
    <Filter Include="Source Files\public">
      <UniqueIdentifier>{ede7e4fe-bd27-4bf3-85b0-8021e169afdc}</UniqueIdentifier>
    </Filter>
    <Filter Include="Source Files\private\Events">
      <UniqueIdentifier>{2cc22887-a680-45c7-83a4-a2754ac6292e}</UniqueIdentifier>
    </Filter>
    <Filter Include="Source Files\public\Events">
      <UniqueIdentifier>{38a470f5-64ea-4a7b-8faa-3dea855e56f9}</UniqueIdentifier>
    </Filter>
    <Filter Include="Source Files\private\Basics">
      <UniqueIdentifier>{0748abbf-2c15-4cba-9db9-59b66bcf7a68}</UniqueIdentifier>
    </Filter>
    <Filter Include="Source Files\public\Basics">
      <UniqueIdentifier>{fd9f98d3-a377-4ba9-9f72-f29274420f28}</UniqueIdentifier>
    </Filter>
  </ItemGroup>
  <ItemGroup>
    <ClCompile Include="src\main.cpp">
      <Filter>Source Files</Filter>
    </ClCompile>
    <ClCompile Include="BaseRectangle.cpp">
      <Filter>Source Files\private</Filter>
    </ClCompile>
    <ClCompile Include="CollisionEvent.cpp">
      <Filter>Source Files\private\Events</Filter>
    </ClCompile>
    <ClCompile Include="EventDispatcher.cpp">
      <Filter>Source Files\private\Events</Filter>
    </ClCompile>
    <ClCompile Include="BaseCircle.cpp">
      <Filter>Source Files\private</Filter>
    </ClCompile>
    <ClCompile Include="Physic.cpp">
      <Filter>Source Files\private</Filter>
    </ClCompile>
    <ClCompile Include="GravityEvent.cpp">
      <Filter>Source Files\private\Events</Filter>
    </ClCompile>
    <ClCompile Include="DispatcherEvent.cpp">
      <Filter>Source Files\private\Events</Filter>
    </ClCompile>
    <ClCompile Include="TickableFactory.cpp">
      <Filter>Source Files\private\Basics</Filter>
    </ClCompile>
    <ClCompile Include="Tickable.cpp">
      <Filter>Source Files\private\Basics</Filter>
    </ClCompile>
    <ClCompile Include="GameMode.cpp">
      <Filter>Source Files\private\Basics</Filter>
    </ClCompile>
    <ClCompile Include="Helper.cpp">
      <Filter>Source Files\private\Basics</Filter>
    </ClCompile>
    <ClCompile Include="GameInstance.cpp">
      <Filter>Source Files\private\Basics</Filter>
    </ClCompile>
    <ClCompile Include="StateMachine.cpp">
      <Filter>Source Files\private\Basics</Filter>
    </ClCompile>
  </ItemGroup>
  <ItemGroup>
    <ClInclude Include="TickAll.h">
      <Filter>Source Files\public</Filter>
    </ClInclude>
    <ClInclude Include="BaseRectangle.h">
      <Filter>Source Files\public</Filter>
    </ClInclude>
    <ClInclude Include="CollisionEvent.hpp">
      <Filter>Source Files\public\Events</Filter>
    </ClInclude>
    <ClInclude Include="Event.hpp">
      <Filter>Source Files\public\Events</Filter>
    </ClInclude>
    <ClInclude Include="EventDispatcher.hpp">
      <Filter>Source Files\public\Events</Filter>
    </ClInclude>
    <ClInclude Include="BaseCircle.h">
      <Filter>Source Files\public</Filter>
    </ClInclude>
    <ClInclude Include="Physic.hpp">
      <Filter>Source Files\public</Filter>
    </ClInclude>
    <ClInclude Include="GravityEvent.hpp">
      <Filter>Source Files\public\Events</Filter>
    </ClInclude>
    <ClInclude Include="DispatcherEvent.hpp">
      <Filter>Source Files\public\Events</Filter>
    </ClInclude>
    <ClInclude Include="TickableFactory.h">
      <Filter>Source Files\public\Basics</Filter>
    </ClInclude>
    <ClInclude Include="Tickable.h">
      <Filter>Source Files\public\Basics</Filter>
    </ClInclude>
    <ClInclude Include="Helper.hpp">
      <Filter>Source Files\public\Basics</Filter>
    </ClInclude>
    <ClInclude Include="GameMode.h">
      <Filter>Source Files\public\Basics</Filter>
    </ClInclude>
    <ClInclude Include="GameInstance.h">
      <Filter>Source Files\public\Basics</Filter>
    </ClInclude>
    <ClInclude Include="Core.h">
      <Filter>Source Files\public\Basics</Filter>
    </ClInclude>
    <ClInclude Include="StateMachine.h">
      <Filter>Source Files\public\Basics</Filter>
    </ClInclude>
  </ItemGroup>
</Project>